
Microsoft Visual Studio Solution File, Format Version 12.00
# Visual Studio 15
Project("{FAE04EC0-301F-11D3-BF4B-00C04F79EFBC}") = "Assembly-CSharp", "Assembly-CSharp.csproj", "{A9CF72AD-2C46-C10E-1539-3D3DA5E202A9}"
EndProject
Project("{FAE04EC0-301F-11D3-BF4B-00C04F79EFBC}") = "GoogleMobileAds.Editor", "GoogleMobileAds.Editor.csproj", "{D4A26B01-9246-333B-E77D-21305B47C857}"
EndProject
Global
	GlobalSection(SolutionConfigurationPlatforms) = preSolution
		Debug|Any CPU = Debug|Any CPU
		Release|Any CPU = Release|Any CPU
	EndGlobalSection
	GlobalSection(ProjectConfigurationPlatforms) = postSolution
		{A9CF72AD-2C46-C10E-1539-3D3DA5E202A9}.Debug|Any CPU.ActiveCfg = Debug|Any CPU
		{A9CF72AD-2C46-C10E-1539-3D3DA5E202A9}.Debug|Any CPU.Build.0 = Debug|Any CPU
		{A9CF72AD-2C46-C10E-1539-3D3DA5E202A9}.Release|Any CPU.ActiveCfg = Release|Any CPU
		{A9CF72AD-2C46-C10E-1539-3D3DA5E202A9}.Release|Any CPU.Build.0 = Release|Any CPU
		{D4A26B01-9246-333B-E77D-21305B47C857}.Debug|Any CPU.ActiveCfg = Debug|Any CPU
		{D4A26B01-9246-333B-E77D-21305B47C857}.Debug|Any CPU.Build.0 = Debug|Any CPU
		{D4A26B01-9246-333B-E77D-21305B47C857}.Release|Any CPU.ActiveCfg = Release|Any CPU
		{D4A26B01-9246-333B-E77D-21305B47C857}.Release|Any CPU.Build.0 = Release|Any CPU
	EndGlobalSection
	GlobalSection(SolutionProperties) = preSolution
		HideSolutionNode = FALSE
	EndGlobalSection
EndGlobal
